
Microsoft Visual Studio Solution File, Format Version 12.00
# Visual Studio Version 16
VisualStudioVersion = 16.0.31702.278
MinimumVisualStudioVersion = 10.0.40219.1
Project("{FAE04EC0-301F-11D3-BF4B-00C04F79EFBC}") = "TaipinguReisu", "TaipinguReisu\TaipinguReisu.csproj", "{B6D8742A-3B7A-4127-B721-F44B9AB5C695}"
EndProject
Global
	GlobalSection(SolutionConfigurationPlatforms) = preSolution
		Debug|Any CPU = Debug|Any CPU
		Release|Any CPU = Release|Any CPU
	EndGlobalSection
	GlobalSection(ProjectConfigurationPlatforms) = postSolution
		{B6D8742A-3B7A-4127-B721-F44B9AB5C695}.Debug|Any CPU.ActiveCfg = Debug|Any CPU
		{B6D8742A-3B7A-4127-B721-F44B9AB5C695}.Debug|Any CPU.Build.0 = Debug|Any CPU
		{B6D8742A-3B7A-4127-B721-F44B9AB5C695}.Release|Any CPU.ActiveCfg = Release|Any CPU
		{B6D8742A-3B7A-4127-B721-F44B9AB5C695}.Release|Any CPU.Build.0 = Release|Any CPU
	EndGlobalSection
	GlobalSection(SolutionProperties) = preSolution
		HideSolutionNode = FALSE
	EndGlobalSection
	GlobalSection(ExtensibilityGlobals) = postSolution
		SolutionGuid = {32D01C63-3304-4AEF-81EA-CD8054E91F19}
	EndGlobalSection
EndGlobal
